
Microsoft Visual Studio Solution File, Format Version 12.00
# Visual Studio 14
VisualStudioVersion = 14.0.23107.0
MinimumVisualStudioVersion = 10.0.40219.1
Project("{FAE04EC0-301F-11D3-BF4B-00C04F79EFBC}") = "BaseArchitecture.WebApi.Web", "BaseArchitecture\BaseArchitecture.WebApi.Web.csproj", "{6E1E7C2B-D095-46C8-B19D-F88ECFB7C480}"
EndProject
Project("{FAE04EC0-301F-11D3-BF4B-00C04F79EFBC}") = "OAUTH.AuthenticationServer.Web", "OAUTH.Authentication\OAUTH.AuthenticationServer.Web.csproj", "{5930EB1E-0F5D-4835-929A-602D6515C9D3}"
EndProject
Global
	GlobalSection(SolutionConfigurationPlatforms) = preSolution
		Debug|Any CPU = Debug|Any CPU
		Release|Any CPU = Release|Any CPU
	EndGlobalSection
	GlobalSection(ProjectConfigurationPlatforms) = postSolution
		{6E1E7C2B-D095-46C8-B19D-F88ECFB7C480}.Debug|Any CPU.ActiveCfg = Debug|Any CPU
		{6E1E7C2B-D095-46C8-B19D-F88ECFB7C480}.Debug|Any CPU.Build.0 = Debug|Any CPU
		{6E1E7C2B-D095-46C8-B19D-F88ECFB7C480}.Release|Any CPU.ActiveCfg = Release|Any CPU
		{6E1E7C2B-D095-46C8-B19D-F88ECFB7C480}.Release|Any CPU.Build.0 = Release|Any CPU
		{5930EB1E-0F5D-4835-929A-602D6515C9D3}.Debug|Any CPU.ActiveCfg = Debug|Any CPU
		{5930EB1E-0F5D-4835-929A-602D6515C9D3}.Debug|Any CPU.Build.0 = Debug|Any CPU
		{5930EB1E-0F5D-4835-929A-602D6515C9D3}.Release|Any CPU.ActiveCfg = Release|Any CPU
		{5930EB1E-0F5D-4835-929A-602D6515C9D3}.Release|Any CPU.Build.0 = Release|Any CPU
	EndGlobalSection
	GlobalSection(SolutionProperties) = preSolution
		HideSolutionNode = FALSE
	EndGlobalSection
EndGlobal
